
Microsoft Visual Studio Solution File, Format Version 12.00
# Visual Studio Version 17
VisualStudioVersion = 17.1.32421.90
MinimumVisualStudioVersion = 10.0.40219.1
Project("{FAE04EC0-301F-11D3-BF4B-00C04F79EFBC}") = "ProjetoCalculadora", "ProjetoCalculadora\ProjetoCalculadora.csproj", "{DE4115BF-A48A-422F-8662-156A43B25F26}"
EndProject
Project("{FAE04EC0-301F-11D3-BF4B-00C04F79EFBC}") = "ProjetoCalculadora.Tests", "ProjetoCalculadora.Tests\ProjetoCalculadora.Tests.csproj", "{78D649B1-D954-41C9-A02D-E8DD8E6AD24B}"
EndProject
Global
	GlobalSection(SolutionConfigurationPlatforms) = preSolution
		Debug|Any CPU = Debug|Any CPU
		Release|Any CPU = Release|Any CPU
	EndGlobalSection
	GlobalSection(ProjectConfigurationPlatforms) = postSolution
		{DE4115BF-A48A-422F-8662-156A43B25F26}.Debug|Any CPU.ActiveCfg = Debug|Any CPU
		{DE4115BF-A48A-422F-8662-156A43B25F26}.Debug|Any CPU.Build.0 = Debug|Any CPU
		{DE4115BF-A48A-422F-8662-156A43B25F26}.Release|Any CPU.ActiveCfg = Release|Any CPU
		{DE4115BF-A48A-422F-8662-156A43B25F26}.Release|Any CPU.Build.0 = Release|Any CPU
		{78D649B1-D954-41C9-A02D-E8DD8E6AD24B}.Debug|Any CPU.ActiveCfg = Debug|Any CPU
		{78D649B1-D954-41C9-A02D-E8DD8E6AD24B}.Debug|Any CPU.Build.0 = Debug|Any CPU
		{78D649B1-D954-41C9-A02D-E8DD8E6AD24B}.Release|Any CPU.ActiveCfg = Release|Any CPU
		{78D649B1-D954-41C9-A02D-E8DD8E6AD24B}.Release|Any CPU.Build.0 = Release|Any CPU
	EndGlobalSection
	GlobalSection(SolutionProperties) = preSolution
		HideSolutionNode = FALSE
	EndGlobalSection
	GlobalSection(ExtensibilityGlobals) = postSolution
		SolutionGuid = {1F726043-EEB7-4766-8983-29BF2DA32274}
	EndGlobalSection
EndGlobal
